
Microsoft Visual Studio Solution File, Format Version 12.00
# Visual Studio Version 17
VisualStudioVersion = 17.3.32922.545
MinimumVisualStudioVersion = 10.0.40219.1
Project("{FAE04EC0-301F-11D3-BF4B-00C04F79EFBC}") = "XU3R7F_kliens", "XU3R7F_kliens\XU3R7F_kliens.csproj", "{55A7863F-A89A-4EE7-986E-A50B7C408A6C}"
EndProject
Global
	GlobalSection(SolutionConfigurationPlatforms) = preSolution
		Debug|Any CPU = Debug|Any CPU
		Release|Any CPU = Release|Any CPU
	EndGlobalSection
	GlobalSection(ProjectConfigurationPlatforms) = postSolution
		{55A7863F-A89A-4EE7-986E-A50B7C408A6C}.Debug|Any CPU.ActiveCfg = Debug|Any CPU
		{55A7863F-A89A-4EE7-986E-A50B7C408A6C}.Debug|Any CPU.Build.0 = Debug|Any CPU
		{55A7863F-A89A-4EE7-986E-A50B7C408A6C}.Release|Any CPU.ActiveCfg = Release|Any CPU
		{55A7863F-A89A-4EE7-986E-A50B7C408A6C}.Release|Any CPU.Build.0 = Release|Any CPU
	EndGlobalSection
	GlobalSection(SolutionProperties) = preSolution
		HideSolutionNode = FALSE
	EndGlobalSection
	GlobalSection(ExtensibilityGlobals) = postSolution
		SolutionGuid = {3EEAFFE1-13CA-4B8C-A8C3-3C6FDCC94473}
	EndGlobalSection
EndGlobal
