
Microsoft Visual Studio Solution File, Format Version 12.00
# Visual Studio Version 17
VisualStudioVersion = 17.4.33103.184
MinimumVisualStudioVersion = 10.0.40219.1
Project("{FAE04EC0-301F-11D3-BF4B-00C04F79EFBC}") = "1_Stream_Server", "1_Stream_Server\1_Stream_Server.csproj", "{52C1A97F-3F40-452F-A782-5104D76018C9}"
EndProject
Project("{FAE04EC0-301F-11D3-BF4B-00C04F79EFBC}") = "1_Stream_Client", "1_Stream_Client\1_Stream_Client.csproj", "{5AA92834-8738-4B89-B929-6CD10575300C}"
EndProject
Project("{FAE04EC0-301F-11D3-BF4B-00C04F79EFBC}") = "2_Stream_Server", "2_Stream_Server\2_Stream_Server.csproj", "{6769F7DC-FEAC-4037-AFAC-B4F72B1DAB1E}"
EndProject
Project("{FAE04EC0-301F-11D3-BF4B-00C04F79EFBC}") = "2_Stream_Client", "2_Stream_Client\2_Stream_Client.csproj", "{23D7597A-3787-495B-ABF8-6CE201631B4D}"
EndProject
Project("{FAE04EC0-301F-11D3-BF4B-00C04F79EFBC}") = "3_Stream_Server", "3_Stream_Server\3_Stream_Server.csproj", "{1A596F3E-4BC0-46BC-B7FC-09512C622C45}"
EndProject
Global
	GlobalSection(SolutionConfigurationPlatforms) = preSolution
		Debug|Any CPU = Debug|Any CPU
		Release|Any CPU = Release|Any CPU
	EndGlobalSection
	GlobalSection(ProjectConfigurationPlatforms) = postSolution
		{52C1A97F-3F40-452F-A782-5104D76018C9}.Debug|Any CPU.ActiveCfg = Debug|Any CPU
		{52C1A97F-3F40-452F-A782-5104D76018C9}.Debug|Any CPU.Build.0 = Debug|Any CPU
		{52C1A97F-3F40-452F-A782-5104D76018C9}.Release|Any CPU.ActiveCfg = Release|Any CPU
		{52C1A97F-3F40-452F-A782-5104D76018C9}.Release|Any CPU.Build.0 = Release|Any CPU
		{5AA92834-8738-4B89-B929-6CD10575300C}.Debug|Any CPU.ActiveCfg = Debug|Any CPU
		{5AA92834-8738-4B89-B929-6CD10575300C}.Debug|Any CPU.Build.0 = Debug|Any CPU
		{5AA92834-8738-4B89-B929-6CD10575300C}.Release|Any CPU.ActiveCfg = Release|Any CPU
		{5AA92834-8738-4B89-B929-6CD10575300C}.Release|Any CPU.Build.0 = Release|Any CPU
		{6769F7DC-FEAC-4037-AFAC-B4F72B1DAB1E}.Debug|Any CPU.ActiveCfg = Debug|Any CPU
		{6769F7DC-FEAC-4037-AFAC-B4F72B1DAB1E}.Debug|Any CPU.Build.0 = Debug|Any CPU
		{6769F7DC-FEAC-4037-AFAC-B4F72B1DAB1E}.Release|Any CPU.ActiveCfg = Release|Any CPU
		{6769F7DC-FEAC-4037-AFAC-B4F72B1DAB1E}.Release|Any CPU.Build.0 = Release|Any CPU
		{23D7597A-3787-495B-ABF8-6CE201631B4D}.Debug|Any CPU.ActiveCfg = Debug|Any CPU
		{23D7597A-3787-495B-ABF8-6CE201631B4D}.Debug|Any CPU.Build.0 = Debug|Any CPU
		{23D7597A-3787-495B-ABF8-6CE201631B4D}.Release|Any CPU.ActiveCfg = Release|Any CPU
		{23D7597A-3787-495B-ABF8-6CE201631B4D}.Release|Any CPU.Build.0 = Release|Any CPU
		{1A596F3E-4BC0-46BC-B7FC-09512C622C45}.Debug|Any CPU.ActiveCfg = Debug|Any CPU
		{1A596F3E-4BC0-46BC-B7FC-09512C622C45}.Debug|Any CPU.Build.0 = Debug|Any CPU
		{1A596F3E-4BC0-46BC-B7FC-09512C622C45}.Release|Any CPU.ActiveCfg = Release|Any CPU
		{1A596F3E-4BC0-46BC-B7FC-09512C622C45}.Release|Any CPU.Build.0 = Release|Any CPU
	EndGlobalSection
	GlobalSection(SolutionProperties) = preSolution
		HideSolutionNode = FALSE
	EndGlobalSection
	GlobalSection(ExtensibilityGlobals) = postSolution
		SolutionGuid = {F2323ECE-810B-46C2-A421-3A4C69173BDB}
	EndGlobalSection
EndGlobal
